
Microsoft Visual Studio Solution File, Format Version 12.00
# Visual Studio Version 17
VisualStudioVersion = 17.1.32228.430
MinimumVisualStudioVersion = 10.0.40219.1
Project("{2150E333-8FDC-42A3-9474-1A3956D46DE8}") = "Services", "Services", "{857A6986-F8D1-4300-B959-DAC9A0B6BFD1}"
EndProject
Project("{2150E333-8FDC-42A3-9474-1A3956D46DE8}") = "Catalog", "Catalog", "{F33DEFF8-AD91-40CE-90DA-0DC25F521C89}"
EndProject
Project("{9A19103F-16F7-4668-BE54-9A1E7A4F7556}") = "Catalog.API", "Services\Catalog\Catalog.API\Catalog.API.csproj", "{03420AAD-D3D4-47B9-9243-0ED792C6054E}"
EndProject
Project("{2150E333-8FDC-42A3-9474-1A3956D46DE8}") = "Basket", "Basket", "{8E42551B-252A-4FFB-9B28-31A052C3B36C}"
EndProject
Project("{9A19103F-16F7-4668-BE54-9A1E7A4F7556}") = "Basket.API", "Services\Basket\Basket.API\Basket.API.csproj", "{C85CBC06-77E0-452A-BF2A-A0679BE002AD}"
EndProject
Project("{E53339B2-1760-4266-BCC7-CA923CBCF16C}") = "docker-compose", "docker-compose.dcproj", "{EAB62D66-D66C-4A8F-9348-B6A04B3277B4}"
EndProject
Project("{2150E333-8FDC-42A3-9474-1A3956D46DE8}") = "Discount", "Discount", "{823946F4-BF6B-40B6-B310-313B21ED5D55}"
EndProject
Project("{9A19103F-16F7-4668-BE54-9A1E7A4F7556}") = "Discount.API", "Services\Discount\Discount.API\Discount.API.csproj", "{0C489362-BB87-4D16-B2C3-B2098A4A37FD}"
EndProject
Project("{9A19103F-16F7-4668-BE54-9A1E7A4F7556}") = "Discount.Grpc", "Services\Discount\Discount.Grpc\Discount.Grpc.csproj", "{83DCE518-CE83-417D-8232-49FA1C19D583}"
EndProject
Project("{2150E333-8FDC-42A3-9474-1A3956D46DE8}") = "Ordering", "Ordering", "{E14121D7-A625-4579-9D64-AFCA65B937DC}"
EndProject
Project("{FAE04EC0-301F-11D3-BF4B-00C04F79EFBC}") = "Ordering.API", "Services\Ordering\Ordering.API\Ordering.API.csproj", "{6146CB1A-7D87-4568-B871-6437CF02D82A}"
EndProject
Project("{FAE04EC0-301F-11D3-BF4B-00C04F79EFBC}") = "Ordering.Domain", "Services\Ordering\Ordering.Domain\Ordering.Domain.csproj", "{D4809676-4BE3-4615-9628-BEED70ADDF1A}"
EndProject
Project("{FAE04EC0-301F-11D3-BF4B-00C04F79EFBC}") = "Ordering.Application", "Services\Ordering\Ordering.Application\Ordering.Application.csproj", "{F2E8DF88-B22C-42D6-9580-155A66F6BB84}"
EndProject
Project("{FAE04EC0-301F-11D3-BF4B-00C04F79EFBC}") = "Ordering.Infrastructure", "Services\Ordering\Ordering.Infrastructure\Ordering.Infrastructure.csproj", "{3ADE2B77-95E6-46FC-9771-7AC3451EEFE8}"
EndProject
Global
	GlobalSection(SolutionConfigurationPlatforms) = preSolution
		Debug|Any CPU = Debug|Any CPU
		Release|Any CPU = Release|Any CPU
	EndGlobalSection
	GlobalSection(ProjectConfigurationPlatforms) = postSolution
		{03420AAD-D3D4-47B9-9243-0ED792C6054E}.Debug|Any CPU.ActiveCfg = Debug|Any CPU
		{03420AAD-D3D4-47B9-9243-0ED792C6054E}.Debug|Any CPU.Build.0 = Debug|Any CPU
		{03420AAD-D3D4-47B9-9243-0ED792C6054E}.Release|Any CPU.ActiveCfg = Release|Any CPU
		{03420AAD-D3D4-47B9-9243-0ED792C6054E}.Release|Any CPU.Build.0 = Release|Any CPU
		{C85CBC06-77E0-452A-BF2A-A0679BE002AD}.Debug|Any CPU.ActiveCfg = Debug|Any CPU
		{C85CBC06-77E0-452A-BF2A-A0679BE002AD}.Debug|Any CPU.Build.0 = Debug|Any CPU
		{C85CBC06-77E0-452A-BF2A-A0679BE002AD}.Release|Any CPU.ActiveCfg = Release|Any CPU
		{C85CBC06-77E0-452A-BF2A-A0679BE002AD}.Release|Any CPU.Build.0 = Release|Any CPU
		{EAB62D66-D66C-4A8F-9348-B6A04B3277B4}.Debug|Any CPU.ActiveCfg = Debug|Any CPU
		{EAB62D66-D66C-4A8F-9348-B6A04B3277B4}.Debug|Any CPU.Build.0 = Debug|Any CPU
		{EAB62D66-D66C-4A8F-9348-B6A04B3277B4}.Release|Any CPU.ActiveCfg = Release|Any CPU
		{EAB62D66-D66C-4A8F-9348-B6A04B3277B4}.Release|Any CPU.Build.0 = Release|Any CPU
		{0C489362-BB87-4D16-B2C3-B2098A4A37FD}.Debug|Any CPU.ActiveCfg = Debug|Any CPU
		{0C489362-BB87-4D16-B2C3-B2098A4A37FD}.Debug|Any CPU.Build.0 = Debug|Any CPU
		{0C489362-BB87-4D16-B2C3-B2098A4A37FD}.Release|Any CPU.ActiveCfg = Release|Any CPU
		{0C489362-BB87-4D16-B2C3-B2098A4A37FD}.Release|Any CPU.Build.0 = Release|Any CPU
		{83DCE518-CE83-417D-8232-49FA1C19D583}.Debug|Any CPU.ActiveCfg = Debug|Any CPU
		{83DCE518-CE83-417D-8232-49FA1C19D583}.Debug|Any CPU.Build.0 = Debug|Any CPU
		{83DCE518-CE83-417D-8232-49FA1C19D583}.Release|Any CPU.ActiveCfg = Release|Any CPU
		{83DCE518-CE83-417D-8232-49FA1C19D583}.Release|Any CPU.Build.0 = Release|Any CPU
		{6146CB1A-7D87-4568-B871-6437CF02D82A}.Debug|Any CPU.ActiveCfg = Debug|Any CPU
		{6146CB1A-7D87-4568-B871-6437CF02D82A}.Debug|Any CPU.Build.0 = Debug|Any CPU
		{6146CB1A-7D87-4568-B871-6437CF02D82A}.Release|Any CPU.ActiveCfg = Release|Any CPU
		{6146CB1A-7D87-4568-B871-6437CF02D82A}.Release|Any CPU.Build.0 = Release|Any CPU
		{D4809676-4BE3-4615-9628-BEED70ADDF1A}.Debug|Any CPU.ActiveCfg = Debug|Any CPU
		{D4809676-4BE3-4615-9628-BEED70ADDF1A}.Debug|Any CPU.Build.0 = Debug|Any CPU
		{D4809676-4BE3-4615-9628-BEED70ADDF1A}.Release|Any CPU.ActiveCfg = Release|Any CPU
		{D4809676-4BE3-4615-9628-BEED70ADDF1A}.Release|Any CPU.Build.0 = Release|Any CPU
		{F2E8DF88-B22C-42D6-9580-155A66F6BB84}.Debug|Any CPU.ActiveCfg = Debug|Any CPU
		{F2E8DF88-B22C-42D6-9580-155A66F6BB84}.Debug|Any CPU.Build.0 = Debug|Any CPU
		{F2E8DF88-B22C-42D6-9580-155A66F6BB84}.Release|Any CPU.ActiveCfg = Release|Any CPU
		{F2E8DF88-B22C-42D6-9580-155A66F6BB84}.Release|Any CPU.Build.0 = Release|Any CPU
		{3ADE2B77-95E6-46FC-9771-7AC3451EEFE8}.Debug|Any CPU.ActiveCfg = Debug|Any CPU
		{3ADE2B77-95E6-46FC-9771-7AC3451EEFE8}.Debug|Any CPU.Build.0 = Debug|Any CPU
		{3ADE2B77-95E6-46FC-9771-7AC3451EEFE8}.Release|Any CPU.ActiveCfg = Release|Any CPU
		{3ADE2B77-95E6-46FC-9771-7AC3451EEFE8}.Release|Any CPU.Build.0 = Release|Any CPU
	EndGlobalSection
	GlobalSection(SolutionProperties) = preSolution
		HideSolutionNode = FALSE
	EndGlobalSection
	GlobalSection(NestedProjects) = preSolution
		{F33DEFF8-AD91-40CE-90DA-0DC25F521C89} = {857A6986-F8D1-4300-B959-DAC9A0B6BFD1}
		{03420AAD-D3D4-47B9-9243-0ED792C6054E} = {F33DEFF8-AD91-40CE-90DA-0DC25F521C89}
		{8E42551B-252A-4FFB-9B28-31A052C3B36C} = {857A6986-F8D1-4300-B959-DAC9A0B6BFD1}
		{C85CBC06-77E0-452A-BF2A-A0679BE002AD} = {8E42551B-252A-4FFB-9B28-31A052C3B36C}
		{823946F4-BF6B-40B6-B310-313B21ED5D55} = {857A6986-F8D1-4300-B959-DAC9A0B6BFD1}
		{0C489362-BB87-4D16-B2C3-B2098A4A37FD} = {823946F4-BF6B-40B6-B310-313B21ED5D55}
		{83DCE518-CE83-417D-8232-49FA1C19D583} = {823946F4-BF6B-40B6-B310-313B21ED5D55}
		{E14121D7-A625-4579-9D64-AFCA65B937DC} = {857A6986-F8D1-4300-B959-DAC9A0B6BFD1}
		{6146CB1A-7D87-4568-B871-6437CF02D82A} = {E14121D7-A625-4579-9D64-AFCA65B937DC}
		{D4809676-4BE3-4615-9628-BEED70ADDF1A} = {E14121D7-A625-4579-9D64-AFCA65B937DC}
		{F2E8DF88-B22C-42D6-9580-155A66F6BB84} = {E14121D7-A625-4579-9D64-AFCA65B937DC}
		{3ADE2B77-95E6-46FC-9771-7AC3451EEFE8} = {E14121D7-A625-4579-9D64-AFCA65B937DC}
	EndGlobalSection
	GlobalSection(ExtensibilityGlobals) = postSolution
		SolutionGuid = {E51D8493-7572-4EBE-9E40-D7E61BF51701}
	EndGlobalSection
EndGlobal
